
Microsoft Visual Studio Solution File, Format Version 12.00
# Visual Studio Version 17
VisualStudioVersion = 17.8.34511.84
MinimumVisualStudioVersion = 10.0.40219.1
Project("{FAE04EC0-301F-11D3-BF4B-00C04F79EFBC}") = "GameStoreProject", "GameStoreProject\GameStoreProject.csproj", "{BE26B678-C7F0-4207-9DDF-7149C365EBDF}"
EndProject
Global
	GlobalSection(SolutionConfigurationPlatforms) = preSolution
		Debug|Any CPU = Debug|Any CPU
		Release|Any CPU = Release|Any CPU
	EndGlobalSection
	GlobalSection(ProjectConfigurationPlatforms) = postSolution
		{BE26B678-C7F0-4207-9DDF-7149C365EBDF}.Debug|Any CPU.ActiveCfg = Debug|Any CPU
		{BE26B678-C7F0-4207-9DDF-7149C365EBDF}.Debug|Any CPU.Build.0 = Debug|Any CPU
		{BE26B678-C7F0-4207-9DDF-7149C365EBDF}.Release|Any CPU.ActiveCfg = Release|Any CPU
		{BE26B678-C7F0-4207-9DDF-7149C365EBDF}.Release|Any CPU.Build.0 = Release|Any CPU
	EndGlobalSection
	GlobalSection(SolutionProperties) = preSolution
		HideSolutionNode = FALSE
	EndGlobalSection
	GlobalSection(ExtensibilityGlobals) = postSolution
		SolutionGuid = {ACF815A2-CE5B-4963-92F4-AB1B1414308D}
	EndGlobalSection
EndGlobal
